
Microsoft Visual Studio Solution File, Format Version 12.00
# Visual Studio Version 16
VisualStudioVersion = 16.0.30907.101
MinimumVisualStudioVersion = 10.0.40219.1
Project("{FAE04EC0-301F-11D3-BF4B-00C04F79EFBC}") = "Macro Key Binder", "Macro Key Binder.csproj", "{54EFA882-4534-47DE-B2B6-9C5AA56CCA22}"
EndProject
Global
	GlobalSection(SolutionConfigurationPlatforms) = preSolution
		Debug|Any CPU = Debug|Any CPU
		Release|Any CPU = Release|Any CPU
	EndGlobalSection
	GlobalSection(ProjectConfigurationPlatforms) = postSolution
		{54EFA882-4534-47DE-B2B6-9C5AA56CCA22}.Debug|Any CPU.ActiveCfg = Debug|Any CPU
		{54EFA882-4534-47DE-B2B6-9C5AA56CCA22}.Debug|Any CPU.Build.0 = Debug|Any CPU
		{54EFA882-4534-47DE-B2B6-9C5AA56CCA22}.Release|Any CPU.ActiveCfg = Release|Any CPU
		{54EFA882-4534-47DE-B2B6-9C5AA56CCA22}.Release|Any CPU.Build.0 = Release|Any CPU
	EndGlobalSection
	GlobalSection(SolutionProperties) = preSolution
		HideSolutionNode = FALSE
	EndGlobalSection
	GlobalSection(ExtensibilityGlobals) = postSolution
		SolutionGuid = {827A1CE8-7A16-4E7E-BF2F-EDA078CD8B4B}
	EndGlobalSection
EndGlobal
